
Microsoft Visual Studio Solution File, Format Version 12.00
# Visual Studio 15
VisualStudioVersion = 15.0.27703.2000
MinimumVisualStudioVersion = 10.0.40219.1
Project("{FAE04EC0-301F-11D3-BF4B-00C04F79EFBC}") = "algoexercice1", "algoexercice1\algoexercice1.csproj", "{3A2AAE23-5CED-492E-BFD9-20AC45EE93E8}"
EndProject
Global
	GlobalSection(SolutionConfigurationPlatforms) = preSolution
		Debug|Any CPU = Debug|Any CPU
		Release|Any CPU = Release|Any CPU
	EndGlobalSection
	GlobalSection(ProjectConfigurationPlatforms) = postSolution
		{3A2AAE23-5CED-492E-BFD9-20AC45EE93E8}.Debug|Any CPU.ActiveCfg = Debug|Any CPU
		{3A2AAE23-5CED-492E-BFD9-20AC45EE93E8}.Debug|Any CPU.Build.0 = Debug|Any CPU
		{3A2AAE23-5CED-492E-BFD9-20AC45EE93E8}.Release|Any CPU.ActiveCfg = Release|Any CPU
		{3A2AAE23-5CED-492E-BFD9-20AC45EE93E8}.Release|Any CPU.Build.0 = Release|Any CPU
	EndGlobalSection
	GlobalSection(SolutionProperties) = preSolution
		HideSolutionNode = FALSE
	EndGlobalSection
	GlobalSection(ExtensibilityGlobals) = postSolution
		SolutionGuid = {F5B402A6-6ADC-43D3-BE51-41F1EF262A5B}
	EndGlobalSection
EndGlobal
